<?xml version="1.0" encoding="utf-8"?>
<Project ToolsVersion="4.0" xmlns="http://schemas.microsoft.com/developer/msbuild/2003">
  <ItemGroup>
    <Filter Include="Source Files">
      <UniqueIdentifier>{4FC737F1-C7A5-4376-A066-2A32D752A2FF}</UniqueIdentifier>
      <Extensions>cpp;c;cc;cxx;def;odl;idl;hpj;bat;asm;asmx</Extensions>
    </Filter>
    <Filter Include="Header Files">
      <UniqueIdentifier>{93995380-89BD-4b04-88EB-625FBE52EBFB}</UniqueIdentifier>
      <Extensions>h;hpp;hxx;hm;inl;inc;xsd</Extensions>
    </Filter>
    <Filter Include="Resource Files">
      <UniqueIdentifier>{67DA6AB6-F800-4c08-8B7A-83BB121AAD01}</UniqueIdentifier>
      <Extensions>rc;ico;cur;bmp;dlg;rc2;rct;bin;rgs;gif;jpg;jpeg;jpe;resx;tiff;tif;png;wav;mfcribbon-ms</Extensions>
    </Filter>
  </ItemGroup>
  <ItemGroup>
    <ClInclude Include="stdafx.h">
      <Filter>Header Files</Filter>
    </ClInclude>
    <ClInclude Include="targetver.h">
      <Filter>Header Files</Filter>
    </ClInclude>
    <ClInclude Include="glTF.h">
      <Filter>Header Files</Filter>
    </ClInclude>
    <ClInclude Include="ns_exports.h">
      <Filter>Header Files</Filter>
    </ClInclude>
    <ClInclude Include="gltfWriter.h">
      <Filter>Header Files</Filter>
    </ClInclude>
    <ClInclude Include="gltfReader.h">
      <Filter>Header Files</Filter>
    </ClInclude>
    <ClInclude Include="string_t_utils.h">
      <Filter>Header Files</Filter>
    </ClInclude>
    <ClInclude Include="glslShader.h">
      <Filter>Header Files</Filter>
    </ClInclude>
    <ClInclude Include="IOglTF.h">
      <Filter>Header Files</Filter>
    </ClInclude>
    <ClInclude Include="memoryStream.h">
      <Filter>Header Files</Filter>
    </ClInclude>
    <ClInclude Include="gltfwriterVBO.h">
      <Filter>Header Files</Filter>
    </ClInclude>
  </ItemGroup>
  <ItemGroup>
    <ClCompile Include="stdafx.cpp">
      <Filter>Source Files</Filter>
    </ClCompile>
    <ClCompile Include="dllmain.cpp">
      <Filter>Source Files</Filter>
    </ClCompile>
    <ClCompile Include="gltfWriter.cpp">
      <Filter>Source Files</Filter>
    </ClCompile>
    <ClCompile Include="gltfReader.cpp">
      <Filter>Source Files</Filter>
    </ClCompile>
    <ClCompile Include="gltfWriter-Light.cpp">
      <Filter>Source Files</Filter>
    </ClCompile>
    <ClCompile Include="gltfWriter-Mesh.cpp">
      <Filter>Source Files</Filter>
    </ClCompile>
    <ClCompile Include="gltfWriter-Camera.cpp">
      <Filter>Source Files</Filter>
    </ClCompile>
    <ClCompile Include="gltfWriter-Asset.cpp">
      <Filter>Source Files</Filter>
    </ClCompile>
    <ClCompile Include="gltfWriter-Buffer.cpp">
      <Filter>Source Files</Filter>
    </ClCompile>
    <ClCompile Include="gltfWriter-Scene.cpp">
      <Filter>Source Files</Filter>
    </ClCompile>
    <ClCompile Include="gltfWriter-Material.cpp">
      <Filter>Source Files</Filter>
    </ClCompile>
    <ClCompile Include="gltfWriter-Technique.cpp">
      <Filter>Source Files</Filter>
    </ClCompile>
    <ClCompile Include="gltfWriter-Program.cpp">
      <Filter>Source Files</Filter>
    </ClCompile>
    <ClCompile Include="glslShader.cpp">
      <Filter>Source Files</Filter>
    </ClCompile>
    <ClCompile Include="gltfWriter-Texture.cpp">
      <Filter>Source Files</Filter>
    </ClCompile>
    <ClCompile Include="gltfWriter-Null.cpp">
      <Filter>Source Files</Filter>
    </ClCompile>
    <ClCompile Include="IOglTF.cpp">
      <Filter>Source Files</Filter>
    </ClCompile>
    <ClCompile Include="gltfWriterVBO.cpp">
      <Filter>Source Files</Filter>
    </ClCompile>
    <ClCompile Include="gltfWriter-Shaders.cpp">
      <Filter>Source Files</Filter>
    </ClCompile>
  </ItemGroup>
  <ItemGroup>
    <None Include="glTF-0-8-defaults.json">
      <Filter>Source Files</Filter>
    </None>
    <None Include="glTF-0-8.json">
      <Filter>Source Files</Filter>
    </None>
    <None Include="packages.config" />
    <None Include="glTF-1-0.json">
      <Filter>Source Files</Filter>
    </None>
    <None Include="glTF-1-0-defaults.json">
      <Filter>Source Files</Filter>
    </None>
  </ItemGroup>
</Project>